
Microsoft Visual Studio Solution File, Format Version 12.00
# Visual Studio Version 16
VisualStudioVersion = 16.0.30907.101
MinimumVisualStudioVersion = 10.0.40219.1
Project("{2150E333-8FDC-42A3-9474-1A3956D46DE8}") = "proto", "proto", "{625056C0-61B3-473C-B589-C25E821ED799}"
	ProjectSection(SolutionItems) = preProject
		dummy.proto = dummy.proto
		greeting.proto = greeting.proto
		sqrt.proto = sqrt.proto
	EndProjectSection
EndProject
Project("{FAE04EC0-301F-11D3-BF4B-00C04F79EFBC}") = "client", "client\client.csproj", "{8C31FC51-FDA7-490E-B319-45D7A5E55534}"
EndProject
Project("{FAE04EC0-301F-11D3-BF4B-00C04F79EFBC}") = "server", "server\server.csproj", "{18636C7E-536A-4419-BC03-BABBBE65876E}"
EndProject
Project("{2150E333-8FDC-42A3-9474-1A3956D46DE8}") = "Solution Items", "Solution Items", "{042FDE18-DC19-4FD8-8763-20339A1384B7}"
	ProjectSection(SolutionItems) = preProject
		ssl\ssl.sh = ssl\ssl.sh
	EndProjectSection
EndProject
Global
	GlobalSection(SolutionConfigurationPlatforms) = preSolution
		Debug|Any CPU = Debug|Any CPU
		Release|Any CPU = Release|Any CPU
	EndGlobalSection
	GlobalSection(ProjectConfigurationPlatforms) = postSolution
		{8C31FC51-FDA7-490E-B319-45D7A5E55534}.Debug|Any CPU.ActiveCfg = Debug|Any CPU
		{8C31FC51-FDA7-490E-B319-45D7A5E55534}.Debug|Any CPU.Build.0 = Debug|Any CPU
		{8C31FC51-FDA7-490E-B319-45D7A5E55534}.Release|Any CPU.ActiveCfg = Release|Any CPU
		{8C31FC51-FDA7-490E-B319-45D7A5E55534}.Release|Any CPU.Build.0 = Release|Any CPU
		{18636C7E-536A-4419-BC03-BABBBE65876E}.Debug|Any CPU.ActiveCfg = Debug|Any CPU
		{18636C7E-536A-4419-BC03-BABBBE65876E}.Debug|Any CPU.Build.0 = Debug|Any CPU
		{18636C7E-536A-4419-BC03-BABBBE65876E}.Release|Any CPU.ActiveCfg = Release|Any CPU
		{18636C7E-536A-4419-BC03-BABBBE65876E}.Release|Any CPU.Build.0 = Release|Any CPU
	EndGlobalSection
	GlobalSection(SolutionProperties) = preSolution
		HideSolutionNode = FALSE
	EndGlobalSection
	GlobalSection(ExtensibilityGlobals) = postSolution
		SolutionGuid = {4E6535E4-C8CC-459A-B34C-5A6B92738370}
	EndGlobalSection
EndGlobal
